
Microsoft Visual Studio Solution File, Format Version 12.00
# Visual Studio Version 17
VisualStudioVersion = 17.2.32516.85
MinimumVisualStudioVersion = 10.0.40219.1
Project("{9A19103F-16F7-4668-BE54-9A1E7A4F7556}") = "CodeFirstEFMySQL", "CodeFirstEFMySQL.csproj", "{F20C3CE4-FDAB-4C1C-9952-A6C583D72A8B}"
EndProject
Global
	GlobalSection(SolutionConfigurationPlatforms) = preSolution
		Debug|Any CPU = Debug|Any CPU
		Release|Any CPU = Release|Any CPU
	EndGlobalSection
	GlobalSection(ProjectConfigurationPlatforms) = postSolution
		{F20C3CE4-FDAB-4C1C-9952-A6C583D72A8B}.Debug|Any CPU.ActiveCfg = Debug|Any CPU
		{F20C3CE4-FDAB-4C1C-9952-A6C583D72A8B}.Debug|Any CPU.Build.0 = Debug|Any CPU
		{F20C3CE4-FDAB-4C1C-9952-A6C583D72A8B}.Release|Any CPU.ActiveCfg = Release|Any CPU
		{F20C3CE4-FDAB-4C1C-9952-A6C583D72A8B}.Release|Any CPU.Build.0 = Release|Any CPU
	EndGlobalSection
	GlobalSection(SolutionProperties) = preSolution
		HideSolutionNode = FALSE
	EndGlobalSection
	GlobalSection(ExtensibilityGlobals) = postSolution
		SolutionGuid = {8729EFF8-080C-4C29-9522-B1B83E788844}
	EndGlobalSection
EndGlobal
